
Microsoft Visual Studio Solution File, Format Version 12.00
# Visual Studio Version 17
VisualStudioVersion = 17.0.31903.59
MinimumVisualStudioVersion = 10.0.40219.1
Project("{FAE04EC0-301F-11D3-BF4B-00C04F79EFBC}") = "CinteTestNet.Domain", "CinteTestNet.Domain\CinteTestNet.Domain.csproj", "{6556659E-AB1E-47BE-8356-4F1CEE8E6F6B}"
EndProject
Project("{FAE04EC0-301F-11D3-BF4B-00C04F79EFBC}") = "CinteTestNet.Application", "CinteTestNet.Application\CinteTestNet.Application.csproj", "{C1133CF4-B334-431E-B9D7-247F3C3DACB2}"
EndProject
Project("{FAE04EC0-301F-11D3-BF4B-00C04F79EFBC}") = "CinteTestNet.Infrastructure", "CinteTestNet.Infrastructure\CinteTestNet.Infrastructure.csproj", "{6AD90C05-5D96-4BF2-943E-8E0DBE1C670D}"
EndProject
Project("{FAE04EC0-301F-11D3-BF4B-00C04F79EFBC}") = "CinteTestNet.API", "CinteTestNet.API\CinteTestNet.API.csproj", "{D37086AE-59EB-4922-8A4B-85E27063D051}"
EndProject
Global
	GlobalSection(SolutionConfigurationPlatforms) = preSolution
		Debug|Any CPU = Debug|Any CPU
		Debug|x64 = Debug|x64
		Debug|x86 = Debug|x86
		Release|Any CPU = Release|Any CPU
		Release|x64 = Release|x64
		Release|x86 = Release|x86
	EndGlobalSection
	GlobalSection(ProjectConfigurationPlatforms) = postSolution
		{6556659E-AB1E-47BE-8356-4F1CEE8E6F6B}.Debug|Any CPU.ActiveCfg = Debug|Any CPU
		{6556659E-AB1E-47BE-8356-4F1CEE8E6F6B}.Debug|Any CPU.Build.0 = Debug|Any CPU
		{6556659E-AB1E-47BE-8356-4F1CEE8E6F6B}.Debug|x64.ActiveCfg = Debug|Any CPU
		{6556659E-AB1E-47BE-8356-4F1CEE8E6F6B}.Debug|x64.Build.0 = Debug|Any CPU
		{6556659E-AB1E-47BE-8356-4F1CEE8E6F6B}.Debug|x86.ActiveCfg = Debug|Any CPU
		{6556659E-AB1E-47BE-8356-4F1CEE8E6F6B}.Debug|x86.Build.0 = Debug|Any CPU
		{6556659E-AB1E-47BE-8356-4F1CEE8E6F6B}.Release|Any CPU.ActiveCfg = Release|Any CPU
		{6556659E-AB1E-47BE-8356-4F1CEE8E6F6B}.Release|Any CPU.Build.0 = Release|Any CPU
		{6556659E-AB1E-47BE-8356-4F1CEE8E6F6B}.Release|x64.ActiveCfg = Release|Any CPU
		{6556659E-AB1E-47BE-8356-4F1CEE8E6F6B}.Release|x64.Build.0 = Release|Any CPU
		{6556659E-AB1E-47BE-8356-4F1CEE8E6F6B}.Release|x86.ActiveCfg = Release|Any CPU
		{6556659E-AB1E-47BE-8356-4F1CEE8E6F6B}.Release|x86.Build.0 = Release|Any CPU
		{C1133CF4-B334-431E-B9D7-247F3C3DACB2}.Debug|Any CPU.ActiveCfg = Debug|Any CPU
		{C1133CF4-B334-431E-B9D7-247F3C3DACB2}.Debug|Any CPU.Build.0 = Debug|Any CPU
		{C1133CF4-B334-431E-B9D7-247F3C3DACB2}.Debug|x64.ActiveCfg = Debug|Any CPU
		{C1133CF4-B334-431E-B9D7-247F3C3DACB2}.Debug|x64.Build.0 = Debug|Any CPU
		{C1133CF4-B334-431E-B9D7-247F3C3DACB2}.Debug|x86.ActiveCfg = Debug|Any CPU
		{C1133CF4-B334-431E-B9D7-247F3C3DACB2}.Debug|x86.Build.0 = Debug|Any CPU
		{C1133CF4-B334-431E-B9D7-247F3C3DACB2}.Release|Any CPU.ActiveCfg = Release|Any CPU
		{C1133CF4-B334-431E-B9D7-247F3C3DACB2}.Release|Any CPU.Build.0 = Release|Any CPU
		{C1133CF4-B334-431E-B9D7-247F3C3DACB2}.Release|x64.ActiveCfg = Release|Any CPU
		{C1133CF4-B334-431E-B9D7-247F3C3DACB2}.Release|x64.Build.0 = Release|Any CPU
		{C1133CF4-B334-431E-B9D7-247F3C3DACB2}.Release|x86.ActiveCfg = Release|Any CPU
		{C1133CF4-B334-431E-B9D7-247F3C3DACB2}.Release|x86.Build.0 = Release|Any CPU
		{6AD90C05-5D96-4BF2-943E-8E0DBE1C670D}.Debug|Any CPU.ActiveCfg = Debug|Any CPU
		{6AD90C05-5D96-4BF2-943E-8E0DBE1C670D}.Debug|Any CPU.Build.0 = Debug|Any CPU
		{6AD90C05-5D96-4BF2-943E-8E0DBE1C670D}.Debug|x64.ActiveCfg = Debug|Any CPU
		{6AD90C05-5D96-4BF2-943E-8E0DBE1C670D}.Debug|x64.Build.0 = Debug|Any CPU
		{6AD90C05-5D96-4BF2-943E-8E0DBE1C670D}.Debug|x86.ActiveCfg = Debug|Any CPU
		{6AD90C05-5D96-4BF2-943E-8E0DBE1C670D}.Debug|x86.Build.0 = Debug|Any CPU
		{6AD90C05-5D96-4BF2-943E-8E0DBE1C670D}.Release|Any CPU.ActiveCfg = Release|Any CPU
		{6AD90C05-5D96-4BF2-943E-8E0DBE1C670D}.Release|Any CPU.Build.0 = Release|Any CPU
		{6AD90C05-5D96-4BF2-943E-8E0DBE1C670D}.Release|x64.ActiveCfg = Release|Any CPU
		{6AD90C05-5D96-4BF2-943E-8E0DBE1C670D}.Release|x64.Build.0 = Release|Any CPU
		{6AD90C05-5D96-4BF2-943E-8E0DBE1C670D}.Release|x86.ActiveCfg = Release|Any CPU
		{6AD90C05-5D96-4BF2-943E-8E0DBE1C670D}.Release|x86.Build.0 = Release|Any CPU
		{D37086AE-59EB-4922-8A4B-85E27063D051}.Debug|Any CPU.ActiveCfg = Debug|Any CPU
		{D37086AE-59EB-4922-8A4B-85E27063D051}.Debug|Any CPU.Build.0 = Debug|Any CPU
		{D37086AE-59EB-4922-8A4B-85E27063D051}.Debug|x64.ActiveCfg = Debug|Any CPU
		{D37086AE-59EB-4922-8A4B-85E27063D051}.Debug|x64.Build.0 = Debug|Any CPU
		{D37086AE-59EB-4922-8A4B-85E27063D051}.Debug|x86.ActiveCfg = Debug|Any CPU
		{D37086AE-59EB-4922-8A4B-85E27063D051}.Debug|x86.Build.0 = Debug|Any CPU
		{D37086AE-59EB-4922-8A4B-85E27063D051}.Release|Any CPU.ActiveCfg = Release|Any CPU
		{D37086AE-59EB-4922-8A4B-85E27063D051}.Release|Any CPU.Build.0 = Release|Any CPU
		{D37086AE-59EB-4922-8A4B-85E27063D051}.Release|x64.ActiveCfg = Release|Any CPU
		{D37086AE-59EB-4922-8A4B-85E27063D051}.Release|x64.Build.0 = Release|Any CPU
		{D37086AE-59EB-4922-8A4B-85E27063D051}.Release|x86.ActiveCfg = Release|Any CPU
		{D37086AE-59EB-4922-8A4B-85E27063D051}.Release|x86.Build.0 = Release|Any CPU
	EndGlobalSection
	GlobalSection(SolutionProperties) = preSolution
		HideSolutionNode = FALSE
	EndGlobalSection
EndGlobal
